// !$*UTF8*$!
{
	archiveVersion = 1;
	classes = {
	};
	objectVersion = 46;
	objects = {

/* Begin PBXBuildFile section */
		BBDAC7D51CB9AD7900A1B747 /* AppDelegate.swift in Sources */ = {isa = PBXBuildFile; fileRef = BBDAC7D41CB9AD7900A1B747 /* AppDelegate.swift */; };
		BBDAC7D71CB9AD7900A1B747 /* ViewController.swift in Sources */ = {isa = PBXBuildFile; fileRef = BBDAC7D61CB9AD7900A1B747 /* ViewController.swift */; };
		BBDAC7DA1CB9AD7900A1B747 /* Main.storyboard in Resources */ = {isa = PBXBuildFile; fileRef = BBDAC7D81CB9AD7900A1B747 /* Main.storyboard */; };
		BBDAC7DC1CB9AD7900A1B747 /* Assets.xcassets in Resources */ = {isa = PBXBuildFile; fileRef = BBDAC7DB1CB9AD7900A1B747 /* Assets.xcassets */; };
		BBDAC7DF1CB9AD7900A1B747 /* LaunchScreen.storyboard in Resources */ = {isa = PBXBuildFile; fileRef = BBDAC7DD1CB9AD7900A1B747 /* LaunchScreen.storyboard */; };
/* End PBXBuildFile section */

/* Begin PBXFileReference section */
		BBDAC7D11CB9AD7900A1B747 /* Retro-Calculator.app */ = {isa = PBXFileReference; explicitFileType = wrapper.application; includeInIndex = 0; path = "Retro-Calculator.app"; sourceTree = BUILT_PRODUCTS_DIR; };
		BBDAC7D41CB9AD7900A1B747 /* AppDelegate.swift */ = {isa = PBXFileReference; lastKnownFileType = sourcecode.swift; path = AppDelegate.swift; sourceTree = "<group>"; };
		BBDAC7D61CB9AD7900A1B747 /* ViewController.swift */ = {isa = PBXFileReference; lastKnownFileType = sourcecode.swift; path = ViewController.swift; sourceTree = "<group>"; };
		BBDAC7D91CB9AD7900A1B747 /* Base */ = {isa = PBXFileReference; lastKnownFileType = file.storyboard; name = Base; path = Base.lproj/Main.storyboard; sourceTree = "<group>"; };
		BBDAC7DB1CB9AD7900A1B747 /* Assets.xcassets */ = {isa = PBXFileReference; lastKnownFileType = folder.assetcatalog; path = Assets.xcassets; sourceTree = "<group>"; };
		BBDAC7DE1CB9AD7900A1B747 /* Base */ = {isa = PBXFileReference; lastKnownFileType = file.storyboard; name = Base; path = Base.lproj/LaunchScreen.storyboard; sourceTree = "<group>"; };
		BBDAC7E01CB9AD7900A1B747 /* Info.plist */ = {isa = PBXFileReference; lastKnownFileType = text.plist.xml; path = Info.plist; sourceTree = "<group>"; };
/* End PBXFileReference section */

/* Begin PBXFrameworksBuildPhase section */
		BBDAC7CE1CB9AD7900A1B747 /* Frameworks */ = {
			isa = PBXFrameworksBuildPhase;
			buildActionMask = 2147483647;
			files = (
			);
			runOnlyForDeploymentPostprocessing = 0;
		};
/* End PBXFrameworksBuildPhase section */

/* Begin PBXGroup section */
		BBDAC7C81CB9AD7900A1B747 = {
			isa = PBXGroup;
			children = (
				BBDAC7D31CB9AD7900A1B747 /* Retro-Calculator */,
				BBDAC7D21CB9AD7900A1B747 /* Products */,
			);
			sourceTree = "<group>";
		};
		BBDAC7D21CB9AD7900A1B747 /* Products */ = {
			isa = PBXGroup;
			children = (
				BBDAC7D11CB9AD7900A1B747 /* Retro-Calculator.app */,
			);
			name = Products;
			sourceTree = "<group>";
		};
		BBDAC7D31CB9AD7900A1B747 /* Retro-Calculator */ = {
			isa = PBXGroup;
			children = (
				BBDAC7D41CB9AD7900A1B747 /* AppDelegate.swift */,
				BBDAC7D61CB9AD7900A1B747 /* ViewController.swift */,
				BBDAC7D81CB9AD7900A1B747 /* Main.storyboard */,
				BBDAC7DB1CB9AD7900A1B747 /* Assets.xcassets */,
				BBDAC7DD1CB9AD7900A1B747 /* LaunchScreen.storyboard */,
				BBDAC7E01CB9AD7900A1B747 /* Info.plist */,
			);
			path = "Retro-Calculator";
			sourceTree = "<group>";
		};
/* End PBXGroup section */

/* Begin PBXNativeTarget section */
		BBDAC7D01CB9AD7900A1B747 /* Retro-Calculator */ = {
			isa = PBXNativeTarget;
			buildConfigurationList = BBDAC7E31CB9AD7900A1B747 /* Build configuration list for PBXNativeTarget "Retro-Calculator" */;
			buildPhases = (
				BBDAC7CD1CB9AD7900A1B747 /* Sources */,
				BBDAC7CE1CB9AD7900A1B747 /* Frameworks */,
				BBDAC7CF1CB9AD7900A1B747 /* Resources */,
			);
			buildRules = (
			);
			dependencies = (
			);
			name = "Retro-Calculator";
			productName = "Retro-Calculator";
			productReference = BBDAC7D11CB9AD7900A1B747 /* Retro-Calculator.app */;
			productType = "com.apple.product-type.application";
		};
/* End PBXNativeTarget section */

/* Begin PBXProject section */
		BBDAC7C91CB9AD7900A1B747 /* Project object */ = {
			isa = PBXProject;
			attributes = {
				LastSwiftUpdateCheck = 0730;
				LastUpgradeCheck = 0730;
				ORGANIZATIONNAME = "Ronique Young";
				TargetAttributes = {
					BBDAC7D01CB9AD7900A1B747 = {
						CreatedOnToolsVersion = 7.3;
					};
				};
			};
			buildConfigurationList = BBDAC7CC1CB9AD7900A1B747 /* Build configuration list for PBXProject "Retro-Calculator" */;
			compatibilityVersion = "Xcode 3.2";
			developmentRegion = English;
			hasScannedForEncodings = 0;
			knownRegions = (
				en,
				Base,
			);
			mainGroup = BBDAC7C81CB9AD7900A1B747;
			productRefGroup = BBDAC7D21CB9AD7900A1B747 /* Products */;
			projectDirPath = "";
			projectRoot = "";
			targets = (
				BBDAC7D01CB9AD7900A1B747 /* Retro-Calculator */,
			);
		};
/* End PBXProject section */

/* Begin PBXResourcesBuildPhase section */
		BBDAC7CF1CB9AD7900A1B747 /* Resources */ = {
			isa = PBXResourcesBuildPhase;
			buildActionMask = 2147483647;
			files = (
				BBDAC7DF1CB9AD7900A1B747 /* LaunchScreen.storyboard in Resources */,
				BBDAC7DC1CB9AD7900A1B747 /* Assets.xcassets in Resources */,
				BBDAC7DA1CB9AD7900A1B747 /* Main.storyboard in Resources */,
			);
			runOnlyForDeploymentPostprocessing = 0;
		};
/* End PBXResourcesBuildPhase section */

/* Begin PBXSourcesBuildPhase section */
		BBDAC7CD1CB9AD7900A1B747 /* Sources */ = {
			isa = PBXSourcesBuildPhase;
			buildActionMask = 2147483647;
			files = (
				BBDAC7D71CB9AD7900A1B747 /* ViewController.swift in Sources */,
				BBDAC7D51CB9AD7900A1B747 /* AppDelegate.swift in Sources */,
			);
			runOnlyForDeploymentPostprocessing = 0;
		};
/* End PBXSourcesBuildPhase section */

/* Begin PBXVariantGroup section */
		BBDAC7D81CB9AD7900A1B747 /* Main.storyboard */ = {
			isa = PBXVariantGroup;
			children = (
				BBDAC7D91CB9AD7900A1B747 /* Base */,
			);
			name = Main.storyboard;
			sourceTree = "<group>";
		};
		BBDAC7DD1CB9AD7900A1B747 /* LaunchScreen.storyboard */ = {
			isa = PBXVariantGroup;
			children = (
				BBDAC7DE1CB9AD7900A1B747 /* Base */,
			);
			name = LaunchScreen.storyboard;
			sourceTree = "<group>";
		};
/* End PBXVariantGroup section */

/* Begin XCBuildConfiguration section */
		BBDAC7E11CB9AD7900A1B747 /* Debug */ = {
			isa = XCBuildConfiguration;
			buildSettings = {
				ALWAYS_SEARCH_USER_PATHS = NO;
				CLANG_ANALYZER_NONNULL = YES;
				CLANG_CXX_LANGUAGE_STANDARD = "gnu++0x";
				CLANG_CXX_LIBRARY = "libc++";
				CLANG_ENABLE_MODULES = YES;
				CLANG_ENABLE_OBJC_ARC = YES;
				CLANG_WARN_BOOL_CONVERSION = YES;
				CLANG_WARN_CONSTANT_CONVERSION = YES;
				CLANG_WARN_DIRECT_OBJC_ISA_USAGE = YES_ERROR;
				CLANG_WARN_EMPTY_BODY = YES;
				CLANG_WARN_ENUM_CONVERSION = YES;
				CLANG_WARN_INT_CONVERSION = YES;
				CLANG_WARN_OBJC_ROOT_CLASS = YES_ERROR;
				CLANG_WARN_UNREACHABLE_CODE = YES;
				CLANG_WARN__DUPLICATE_METHOD_MATCH = YES;
				"CODE_SIGN_IDENTITY[sdk=iphoneos*]" = "iPhone Developer";
				COPY_PHASE_STRIP = NO;
				DEBUG_INFORMATION_FORMAT = dwarf;
				ENABLE_STRICT_OBJC_MSGSEND = YES;
				ENABLE_TESTABILITY = YES;
				GCC_C_LANGUAGE_STANDARD = gnu99;
				GCC_DYNAMIC_NO_PIC = NO;
				GCC_NO_COMMON_BLOCKS = YES;
				GCC_OPTIMIZATION_LEVEL = 0;
				GCC_PREPROCESSOR_DEFINITIONS = (
					"DEBUG=1",
					"$(inherited)",
				);
				GCC_WARN_64_TO_32_BIT_CONVERSION = YES;
				GCC_WARN_ABOUT_RETURN_TYPE = YES_ERROR;
				GCC_WARN_UNDECLARED_SELECTOR = YES;
				GCC_WARN_UNINITIALIZED_AUTOS = YES_AGGRESSIVE;
				GCC_WARN_UNUSED_FUNCTION = YES;
				GCC_WARN_UNUSED_VARIABLE = YES;
				IPHONEOS_DEPLOYMENT_TARGET = 9.3;
				MTL_ENABLE_DEBUG_INFO = YES;
				ONLY_ACTIVE_ARCH = YES;
				SDKROOT = iphoneos;
				SWIFT_OPTIMIZATION_LEVEL = "-Onone";
			};
			name = Debug;
		};
		BBDAC7E21CB9AD7900A1B747 /* Release */ = {
			isa = XCBuildConfiguration;
			buildSettings = {
				ALWAYS_SEARCH_USER_PATHS = NO;
				CLANG_ANALYZER_NONNULL = YES;
				CLANG_CXX_LANGUAGE_STANDARD = "gnu++0x";
				CLANG_CXX_LIBRARY = "libc++";
				CLANG_ENABLE_MODULES = YES;
				CLANG_ENABLE_OBJC_ARC = YES;
				CLANG_WARN_BOOL_CONVERSION = YES;
				CLANG_WARN_CONSTANT_CONVERSION = YES;
				CLANG_WARN_DIRECT_OBJC_ISA_USAGE = YES_ERROR;
				CLANG_WARN_EMPTY_BODY = YES;
				CLANG_WARN_ENUM_CONVERSION = YES;
				CLANG_WARN_INT_CONVERSION = YES;
				CLANG_WARN_OBJC_ROOT_CLASS = YES_ERROR;
				CLANG_WARN_UNREACHABLE_CODE = YES;
				CLANG_WARN__DUPLICATE_METHOD_MATCH = YES;
				"CODE_SIGN_IDENTITY[sdk=iphoneos*]" = "iPhone Developer";
				COPY_PHASE_STRIP = NO;
				DEBUG_INFORMATION_FORMAT = "dwarf-with-dsym";
				ENABLE_NS_ASSERTIONS = NO;
				ENABLE_STRICT_OBJC_MSGSEND = YES;
				GCC_C_LANGUAGE_STANDARD = gnu99;
				GCC_NO_COMMON_BLOCKS = YES;
				GCC_WARN_64_TO_32_BIT_CONVERSION = YES;
				GCC_WARN_ABOUT_RETURN_TYPE = YES_ERROR;
				GCC_WARN_UNDECLARED_SELECTOR = YES;
				GCC_WARN_UNINITIALIZED_AUTOS = YES_AGGRESSIVE;
				GCC_WARN_UNUSED_FUNCTION = YES;
				GCC_WARN_UNUSED_VARIABLE = YES;
				IPHONEOS_DEPLOYMENT_TARGET = 9.3;
				MTL_ENABLE_DEBUG_INFO = NO;
				SDKROOT = iphoneos;
				VALIDATE_PRODUCT = YES;
			};
			name = Release;
		};
		BBDAC7E41CB9AD7900A1B747 /* Debug */ = {
			isa = XCBuildConfiguration;
			buildSettings = {
				ASSETCATALOG_COMPILER_APPICON_NAME = AppIcon;
				INFOPLIST_FILE = "Retro-Calculator/Info.plist";
				LD_RUNPATH_SEARCH_PATHS = "$(inherited) @executable_path/Frameworks";
				PRODUCT_BUNDLE_IDENTIFIER = "com.roniqueyoung.Retro-Calculator";
				PRODUCT_NAME = "$(TARGET_NAME)";
			};
			name = Debug;
		};
		BBDAC7E51CB9AD7900A1B747 /* Release */ = {
			isa = XCBuildConfiguration;
			buildSettings = {
				ASSETCATALOG_COMPILER_APPICON_NAME = AppIcon;
				INFOPLIST_FILE = "Retro-Calculator/Info.plist";
				LD_RUNPATH_SEARCH_PATHS = "$(inherited) @executable_path/Frameworks";
				PRODUCT_BUNDLE_IDENTIFIER = "com.roniqueyoung.Retro-Calculator";
				PRODUCT_NAME = "$(TARGET_NAME)";
			};
			name = Release;
		};
/* End XCBuildConfiguration section */

/* Begin XCConfigurationList section */
		BBDAC7CC1CB9AD7900A1B747 /* Build configuration list for PBXProject "Retro-Calculator" */ = {
			isa = XCConfigurationList;
			buildConfigurations = (
				BBDAC7E11CB9AD7900A1B747 /* Debug */,
				BBDAC7E21CB9AD7900A1B747 /* Release */,
			);
			defaultConfigurationIsVisible = 0;
			defaultConfigurationName = Release;
		};
		BBDAC7E31CB9AD7900A1B747 /* Build configuration list for PBXNativeTarget "Retro-Calculator" */ = {
			isa = XCConfigurationList;
			buildConfigurations = (
				BBDAC7E41CB9AD7900A1B747 /* Debug */,
				BBDAC7E51CB9AD7900A1B747 /* Release */,
			);
			defaultConfigurationIsVisible = 0;
		};
/* End XCConfigurationList section */
	};
	rootObject = BBDAC7C91CB9AD7900A1B747 /* Project object */;
}
